
Microsoft Visual Studio Solution File, Format Version 12.00
# Visual Studio Version 16
VisualStudioVersion = 16.0.30804.86
MinimumVisualStudioVersion = 10.0.40219.1
Project("{FAE04EC0-301F-11D3-BF4B-00C04F79EFBC}") = "DungeonDelveGame", "DungeonDelveGame\DungeonDelveGame.csproj", "{1AAC2D0A-AB6B-4F14-8B07-552C958A8347}"
EndProject
Global
	GlobalSection(SolutionConfigurationPlatforms) = preSolution
		Debug|Any CPU = Debug|Any CPU
		Release|Any CPU = Release|Any CPU
	EndGlobalSection
	GlobalSection(ProjectConfigurationPlatforms) = postSolution
		{1AAC2D0A-AB6B-4F14-8B07-552C958A8347}.Debug|Any CPU.ActiveCfg = Debug|Any CPU
		{1AAC2D0A-AB6B-4F14-8B07-552C958A8347}.Debug|Any CPU.Build.0 = Debug|Any CPU
		{1AAC2D0A-AB6B-4F14-8B07-552C958A8347}.Release|Any CPU.ActiveCfg = Release|Any CPU
		{1AAC2D0A-AB6B-4F14-8B07-552C958A8347}.Release|Any CPU.Build.0 = Release|Any CPU
	EndGlobalSection
	GlobalSection(SolutionProperties) = preSolution
		HideSolutionNode = FALSE
	EndGlobalSection
	GlobalSection(ExtensibilityGlobals) = postSolution
		SolutionGuid = {84CF87F7-BF9A-4CEF-8CB1-79E0B23D8607}
	EndGlobalSection
EndGlobal
